
Microsoft Visual Studio Solution File, Format Version 12.00
# Visual Studio 2012
Project("{FAE04EC0-301F-11D3-BF4B-00C04F79EFBC}") = "Đăng nhập hệ thống", "UDQL cửa hàng bán máy tính\Đăng nhập hệ thống.csproj", "{361EC74E-8BBB-49AF-B59B-B1B56182365A}"
EndProject
Project("{FAE04EC0-301F-11D3-BF4B-00C04F79EFBC}") = "Nhân viên", "Nhân viên\Nhân viên.csproj", "{15803606-8A6E-4FB7-B49A-FCFDE46010C8}"
EndProject
Global
	GlobalSection(SolutionConfigurationPlatforms) = preSolution
		Debug|Any CPU = Debug|Any CPU
		Release|Any CPU = Release|Any CPU
	EndGlobalSection
	GlobalSection(ProjectConfigurationPlatforms) = postSolution
		{361EC74E-8BBB-49AF-B59B-B1B56182365A}.Debug|Any CPU.ActiveCfg = Debug|Any CPU
		{361EC74E-8BBB-49AF-B59B-B1B56182365A}.Debug|Any CPU.Build.0 = Debug|Any CPU
		{361EC74E-8BBB-49AF-B59B-B1B56182365A}.Release|Any CPU.ActiveCfg = Release|Any CPU
		{361EC74E-8BBB-49AF-B59B-B1B56182365A}.Release|Any CPU.Build.0 = Release|Any CPU
		{15803606-8A6E-4FB7-B49A-FCFDE46010C8}.Debug|Any CPU.ActiveCfg = Debug|Any CPU
		{15803606-8A6E-4FB7-B49A-FCFDE46010C8}.Debug|Any CPU.Build.0 = Debug|Any CPU
		{15803606-8A6E-4FB7-B49A-FCFDE46010C8}.Release|Any CPU.ActiveCfg = Release|Any CPU
		{15803606-8A6E-4FB7-B49A-FCFDE46010C8}.Release|Any CPU.Build.0 = Release|Any CPU
	EndGlobalSection
	GlobalSection(SolutionProperties) = preSolution
		HideSolutionNode = FALSE
	EndGlobalSection
EndGlobal
